
Microsoft Visual Studio Solution File, Format Version 12.00
# Visual Studio Version 16
VisualStudioVersion = 16.0.29102.190
MinimumVisualStudioVersion = 10.0.40219.1
Project("{FAE04EC0-301F-11D3-BF4B-00C04F79EFBC}") = "Print_It", "Print_It\Print_It.csproj", "{A6F15016-63EA-4987-B54D-699185FC5B8D}"
EndProject
Global
	GlobalSection(SolutionConfigurationPlatforms) = preSolution
		Debug|Any CPU = Debug|Any CPU
		Release|Any CPU = Release|Any CPU
	EndGlobalSection
	GlobalSection(ProjectConfigurationPlatforms) = postSolution
		{A6F15016-63EA-4987-B54D-699185FC5B8D}.Debug|Any CPU.ActiveCfg = Debug|Any CPU
		{A6F15016-63EA-4987-B54D-699185FC5B8D}.Debug|Any CPU.Build.0 = Debug|Any CPU
		{A6F15016-63EA-4987-B54D-699185FC5B8D}.Release|Any CPU.ActiveCfg = Release|Any CPU
		{A6F15016-63EA-4987-B54D-699185FC5B8D}.Release|Any CPU.Build.0 = Release|Any CPU
	EndGlobalSection
	GlobalSection(SolutionProperties) = preSolution
		HideSolutionNode = FALSE
	EndGlobalSection
	GlobalSection(ExtensibilityGlobals) = postSolution
		SolutionGuid = {AE51F125-93D2-4D99-9D7A-F55C53B631D0}
	EndGlobalSection
EndGlobal
